
Microsoft Visual Studio Solution File, Format Version 12.00
# Visual Studio 15
VisualStudioVersion = 15.0.28307.1000
MinimumVisualStudioVersion = 10.0.40219.1
Project("{FAE04EC0-301F-11D3-BF4B-00C04F79EFBC}") = "LearningWithAPDay1", "LearningWithAPDay1\LearningWithAPDay1.csproj", "{D701C5FA-16D5-457F-ACF9-0CFA2E9DD0A1}"
EndProject
Project("{FAE04EC0-301F-11D3-BF4B-00C04F79EFBC}") = "SupportingLibrary", "SupportingLibrary\SupportingLibrary.csproj", "{55704C80-984D-43AA-B66D-7C077CEA11E8}"
EndProject
Global
	GlobalSection(SolutionConfigurationPlatforms) = preSolution
		Debug|Any CPU = Debug|Any CPU
		Release|Any CPU = Release|Any CPU
	EndGlobalSection
	GlobalSection(ProjectConfigurationPlatforms) = postSolution
		{D701C5FA-16D5-457F-ACF9-0CFA2E9DD0A1}.Debug|Any CPU.ActiveCfg = Debug|Any CPU
		{D701C5FA-16D5-457F-ACF9-0CFA2E9DD0A1}.Debug|Any CPU.Build.0 = Debug|Any CPU
		{D701C5FA-16D5-457F-ACF9-0CFA2E9DD0A1}.Release|Any CPU.ActiveCfg = Release|Any CPU
		{D701C5FA-16D5-457F-ACF9-0CFA2E9DD0A1}.Release|Any CPU.Build.0 = Release|Any CPU
		{55704C80-984D-43AA-B66D-7C077CEA11E8}.Debug|Any CPU.ActiveCfg = Debug|Any CPU
		{55704C80-984D-43AA-B66D-7C077CEA11E8}.Debug|Any CPU.Build.0 = Debug|Any CPU
		{55704C80-984D-43AA-B66D-7C077CEA11E8}.Release|Any CPU.ActiveCfg = Release|Any CPU
		{55704C80-984D-43AA-B66D-7C077CEA11E8}.Release|Any CPU.Build.0 = Release|Any CPU
	EndGlobalSection
	GlobalSection(SolutionProperties) = preSolution
		HideSolutionNode = FALSE
	EndGlobalSection
	GlobalSection(ExtensibilityGlobals) = postSolution
		SolutionGuid = {BA2E72DF-1BEF-44E0-A164-C4C99DCA0567}
	EndGlobalSection
EndGlobal
